
Microsoft Visual Studio Solution File, Format Version 11.00
# Visual Studio 2010
Project("{F184B08F-C81C-45F6-A57F-5ABD9991F28F}") = "CCWNC411_Security", "CCWNC411_Security\CCWNC411_Security.vbproj", "{7ACC0447-EFD2-40A9-ADE9-E855BEDCF917}"
EndProject
Global
	GlobalSection(SolutionConfigurationPlatforms) = preSolution
		Debug|Any CPU = Debug|Any CPU
		Release|Any CPU = Release|Any CPU
	EndGlobalSection
	GlobalSection(ProjectConfigurationPlatforms) = postSolution
		{7ACC0447-EFD2-40A9-ADE9-E855BEDCF917}.Debug|Any CPU.ActiveCfg = Debug|Any CPU
		{7ACC0447-EFD2-40A9-ADE9-E855BEDCF917}.Debug|Any CPU.Build.0 = Debug|Any CPU
		{7ACC0447-EFD2-40A9-ADE9-E855BEDCF917}.Release|Any CPU.ActiveCfg = Release|Any CPU
		{7ACC0447-EFD2-40A9-ADE9-E855BEDCF917}.Release|Any CPU.Build.0 = Release|Any CPU
	EndGlobalSection
	GlobalSection(SolutionProperties) = preSolution
		HideSolutionNode = FALSE
	EndGlobalSection
EndGlobal
